// !$*UTF8*$!
{
	archiveVersion = 1;
	classes = {
	};
	objectVersion = 50;
	objects = {

/* Begin PBXBuildFile section */
		D558C272235575AA007BCFE9 /* CircleImages.swift .swift in Sources */ = {isa = PBXBuildFile; fileRef = D558C271235575AA007BCFE9 /* CircleImages.swift .swift */; };
		D558C2742355C203007BCFE9 /* LandmarkDetail.swift in Sources */ = {isa = PBXBuildFile; fileRef = D558C2732355C203007BCFE9 /* LandmarkDetail.swift */; };
		D56E74532359A95600D260C8 /* landmarkData.json in Resources */ = {isa = PBXBuildFile; fileRef = D56E74522359A95500D260C8 /* landmarkData.json */; };
		D58D7EDB2356B545007D3E0E /* Data.swift in Sources */ = {isa = PBXBuildFile; fileRef = D58D7ED92356B545007D3E0E /* Data.swift */; };
		D58D7EDC2356B545007D3E0E /* Landmark.swift in Sources */ = {isa = PBXBuildFile; fileRef = D58D7EDA2356B545007D3E0E /* Landmark.swift */; };
		D58D7EE12356B869007D3E0E /* LandmarkRow.swift in Sources */ = {isa = PBXBuildFile; fileRef = D58D7EE02356B869007D3E0E /* LandmarkRow.swift */; };
		D58D7EEE2356B98E007D3E0E /* yukon_charleyrivers.jpg in Resources */ = {isa = PBXBuildFile; fileRef = D58D7EE22356B98D007D3E0E /* yukon_charleyrivers.jpg */; };
		D58D7EEF2356B98E007D3E0E /* lakemcdonald.jpg in Resources */ = {isa = PBXBuildFile; fileRef = D58D7EE32356B98D007D3E0E /* lakemcdonald.jpg */; };
		D58D7EF02356B98E007D3E0E /* chincoteague.jpg in Resources */ = {isa = PBXBuildFile; fileRef = D58D7EE42356B98D007D3E0E /* chincoteague.jpg */; };
		D58D7EF12356B98E007D3E0E /* twinlake.jpg in Resources */ = {isa = PBXBuildFile; fileRef = D58D7EE52356B98D007D3E0E /* twinlake.jpg */; };
		D58D7EF22356B98E007D3E0E /* rainbowlake.jpg in Resources */ = {isa = PBXBuildFile; fileRef = D58D7EE62356B98E007D3E0E /* rainbowlake.jpg */; };
		D58D7EF32356B98E007D3E0E /* chilkoottrail.jpg in Resources */ = {isa = PBXBuildFile; fileRef = D58D7EE72356B98E007D3E0E /* chilkoottrail.jpg */; };
		D58D7EF42356B98E007D3E0E /* hiddenlake.jpg in Resources */ = {isa = PBXBuildFile; fileRef = D58D7EE82356B98E007D3E0E /* hiddenlake.jpg */; };
		D58D7EF52356B98E007D3E0E /* turtlerock.jpg in Resources */ = {isa = PBXBuildFile; fileRef = D58D7EE92356B98E007D3E0E /* turtlerock.jpg */; };
		D58D7EF62356B98E007D3E0E /* icybay.jpg in Resources */ = {isa = PBXBuildFile; fileRef = D58D7EEA2356B98E007D3E0E /* icybay.jpg */; };
		D58D7EF72356B98E007D3E0E /* silversalmoncreek.jpg in Resources */ = {isa = PBXBuildFile; fileRef = D58D7EEB2356B98E007D3E0E /* silversalmoncreek.jpg */; };
		D58D7EF82356B98E007D3E0E /* stmarylake.jpg in Resources */ = {isa = PBXBuildFile; fileRef = D58D7EEC2356B98E007D3E0E /* stmarylake.jpg */; };
		D58D7EF92356B98E007D3E0E /* umbagog.jpg in Resources */ = {isa = PBXBuildFile; fileRef = D58D7EED2356B98E007D3E0E /* umbagog.jpg */; };
		D58D7EFB2356C35D007D3E0E /* LandmarkList.swift in Sources */ = {isa = PBXBuildFile; fileRef = D58D7EFA2356C35D007D3E0E /* LandmarkList.swift */; };
		D5A45EA523668CE3008E91AC /* Badge.swift in Sources */ = {isa = PBXBuildFile; fileRef = D5A45EA423668CE3008E91AC /* Badge.swift */; };
		D5A45EA7236694FF008E91AC /* HexagonParameters.swift in Sources */ = {isa = PBXBuildFile; fileRef = D5A45EA6236694FF008E91AC /* HexagonParameters.swift */; };
		D5A45EA92366CE3D008E91AC /* BadgeBackground.swift in Sources */ = {isa = PBXBuildFile; fileRef = D5A45EA82366CE3D008E91AC /* BadgeBackground.swift */; };
		D5A45EAB2366CEA9008E91AC /* BadgeSymbol.swift in Sources */ = {isa = PBXBuildFile; fileRef = D5A45EAA2366CEA9008E91AC /* BadgeSymbol.swift */; };
		D5A45EAD2366F513008E91AC /* RotatedBadgeSymbol.swift in Sources */ = {isa = PBXBuildFile; fileRef = D5A45EAC2366F513008E91AC /* RotatedBadgeSymbol.swift */; };
		D5AFC1AF235460CB0038A7D8 /* AppDelegate.swift in Sources */ = {isa = PBXBuildFile; fileRef = D5AFC1AE235460CB0038A7D8 /* AppDelegate.swift */; };
		D5AFC1B1235460CB0038A7D8 /* SceneDelegate.swift in Sources */ = {isa = PBXBuildFile; fileRef = D5AFC1B0235460CB0038A7D8 /* SceneDelegate.swift */; };
		D5AFC1B3235460CB0038A7D8 /* ViewController.swift in Sources */ = {isa = PBXBuildFile; fileRef = D5AFC1B2235460CB0038A7D8 /* ViewController.swift */; };
		D5AFC1B6235460CB0038A7D8 /* Main.storyboard in Resources */ = {isa = PBXBuildFile; fileRef = D5AFC1B4235460CB0038A7D8 /* Main.storyboard */; };
		D5AFC1B8235460CF0038A7D8 /* Assets.xcassets in Resources */ = {isa = PBXBuildFile; fileRef = D5AFC1B7235460CF0038A7D8 /* Assets.xcassets */; };
		D5AFC1BB235460CF0038A7D8 /* LaunchScreen.storyboard in Resources */ = {isa = PBXBuildFile; fileRef = D5AFC1B9235460CF0038A7D8 /* LaunchScreen.storyboard */; };
		D5AFC1C6235460CF0038A7D8 /* LandMarksTests.swift in Sources */ = {isa = PBXBuildFile; fileRef = D5AFC1C5235460CF0038A7D8 /* LandMarksTests.swift */; };
		D5AFC1D1235460CF0038A7D8 /* LandMarksUITests.swift in Sources */ = {isa = PBXBuildFile; fileRef = D5AFC1D0235460CF0038A7D8 /* LandMarksUITests.swift */; };
		D5AFC1E42354632B0038A7D8 /* MapView.swift in Sources */ = {isa = PBXBuildFile; fileRef = D5AFC1E22354632A0038A7D8 /* MapView.swift */; };
		D5AFC1E6235463FB0038A7D8 /* assets.xcassets in Resources */ = {isa = PBXBuildFile; fileRef = D5AFC1E5235463FB0038A7D8 /* assets.xcassets */; };
		D5B2B26B2361446B003F6DAB /* UserData.swift in Sources */ = {isa = PBXBuildFile; fileRef = D5B2B26A2361446B003F6DAB /* UserData.swift */; };
/* End PBXBuildFile section */

/* Begin PBXContainerItemProxy section */
		D5AFC1C2235460CF0038A7D8 /* PBXContainerItemProxy */ = {
			isa = PBXContainerItemProxy;
			containerPortal = D5AFC1A3235460CB0038A7D8 /* Project object */;
			proxyType = 1;
			remoteGlobalIDString = D5AFC1AA235460CB0038A7D8;
			remoteInfo = LandMarks;
		};
		D5AFC1CD235460CF0038A7D8 /* PBXContainerItemProxy */ = {
			isa = PBXContainerItemProxy;
			containerPortal = D5AFC1A3235460CB0038A7D8 /* Project object */;
			proxyType = 1;
			remoteGlobalIDString = D5AFC1AA235460CB0038A7D8;
			remoteInfo = LandMarks;
		};
/* End PBXContainerItemProxy section */

/* Begin PBXFileReference section */
		D558C271235575AA007BCFE9 /* CircleImages.swift .swift */ = {isa = PBXFileReference; lastKnownFileType = sourcecode.swift; path = "CircleImages.swift .swift"; sourceTree = "<group>"; };
		D558C2732355C203007BCFE9 /* LandmarkDetail.swift */ = {isa = PBXFileReference; lastKnownFileType = sourcecode.swift; path = LandmarkDetail.swift; sourceTree = "<group>"; };
		D56E74522359A95500D260C8 /* landmarkData.json */ = {isa = PBXFileReference; fileEncoding = 4; lastKnownFileType = text.json; path = landmarkData.json; sourceTree = "<group>"; };
		D58D7ED92356B545007D3E0E /* Data.swift */ = {isa = PBXFileReference; fileEncoding = 4; lastKnownFileType = sourcecode.swift; path = Data.swift; sourceTree = "<group>"; };
		D58D7EDA2356B545007D3E0E /* Landmark.swift */ = {isa = PBXFileReference; fileEncoding = 4; lastKnownFileType = sourcecode.swift; path = Landmark.swift; sourceTree = "<group>"; };
		D58D7EE02356B869007D3E0E /* LandmarkRow.swift */ = {isa = PBXFileReference; lastKnownFileType = sourcecode.swift; path = LandmarkRow.swift; sourceTree = "<group>"; };
		D58D7EE22356B98D007D3E0E /* yukon_charleyrivers.jpg */ = {isa = PBXFileReference; lastKnownFileType = image.jpeg; path = yukon_charleyrivers.jpg; sourceTree = "<group>"; };
		D58D7EE32356B98D007D3E0E /* lakemcdonald.jpg */ = {isa = PBXFileReference; lastKnownFileType = image.jpeg; path = lakemcdonald.jpg; sourceTree = "<group>"; };
		D58D7EE42356B98D007D3E0E /* chincoteague.jpg */ = {isa = PBXFileReference; lastKnownFileType = image.jpeg; path = chincoteague.jpg; sourceTree = "<group>"; };
		D58D7EE52356B98D007D3E0E /* twinlake.jpg */ = {isa = PBXFileReference; lastKnownFileType = image.jpeg; path = twinlake.jpg; sourceTree = "<group>"; };
		D58D7EE62356B98E007D3E0E /* rainbowlake.jpg */ = {isa = PBXFileReference; lastKnownFileType = image.jpeg; path = rainbowlake.jpg; sourceTree = "<group>"; };
		D58D7EE72356B98E007D3E0E /* chilkoottrail.jpg */ = {isa = PBXFileReference; lastKnownFileType = image.jpeg; path = chilkoottrail.jpg; sourceTree = "<group>"; };
		D58D7EE82356B98E007D3E0E /* hiddenlake.jpg */ = {isa = PBXFileReference; lastKnownFileType = image.jpeg; path = hiddenlake.jpg; sourceTree = "<group>"; };
		D58D7EE92356B98E007D3E0E /* turtlerock.jpg */ = {isa = PBXFileReference; lastKnownFileType = image.jpeg; path = turtlerock.jpg; sourceTree = "<group>"; };
		D58D7EEA2356B98E007D3E0E /* icybay.jpg */ = {isa = PBXFileReference; lastKnownFileType = image.jpeg; path = icybay.jpg; sourceTree = "<group>"; };
		D58D7EEB2356B98E007D3E0E /* silversalmoncreek.jpg */ = {isa = PBXFileReference; lastKnownFileType = image.jpeg; path = silversalmoncreek.jpg; sourceTree = "<group>"; };
		D58D7EEC2356B98E007D3E0E /* stmarylake.jpg */ = {isa = PBXFileReference; lastKnownFileType = image.jpeg; path = stmarylake.jpg; sourceTree = "<group>"; };
		D58D7EED2356B98E007D3E0E /* umbagog.jpg */ = {isa = PBXFileReference; lastKnownFileType = image.jpeg; path = umbagog.jpg; sourceTree = "<group>"; };
		D58D7EFA2356C35D007D3E0E /* LandmarkList.swift */ = {isa = PBXFileReference; lastKnownFileType = sourcecode.swift; path = LandmarkList.swift; sourceTree = "<group>"; };
		D5A45EA423668CE3008E91AC /* Badge.swift */ = {isa = PBXFileReference; lastKnownFileType = sourcecode.swift; path = Badge.swift; sourceTree = "<group>"; };
		D5A45EA6236694FF008E91AC /* HexagonParameters.swift */ = {isa = PBXFileReference; fileEncoding = 4; lastKnownFileType = sourcecode.swift; path = HexagonParameters.swift; sourceTree = "<group>"; };
		D5A45EA82366CE3D008E91AC /* BadgeBackground.swift */ = {isa = PBXFileReference; lastKnownFileType = sourcecode.swift; path = BadgeBackground.swift; sourceTree = "<group>"; };
		D5A45EAA2366CEA9008E91AC /* BadgeSymbol.swift */ = {isa = PBXFileReference; lastKnownFileType = sourcecode.swift; path = BadgeSymbol.swift; sourceTree = "<group>"; };
		D5A45EAC2366F513008E91AC /* RotatedBadgeSymbol.swift */ = {isa = PBXFileReference; lastKnownFileType = sourcecode.swift; path = RotatedBadgeSymbol.swift; sourceTree = "<group>"; };
		D5AFC1AB235460CB0038A7D8 /* LandMarks.app */ = {isa = PBXFileReference; explicitFileType = wrapper.application; includeInIndex = 0; path = LandMarks.app; sourceTree = BUILT_PRODUCTS_DIR; };
		D5AFC1AE235460CB0038A7D8 /* AppDelegate.swift */ = {isa = PBXFileReference; lastKnownFileType = sourcecode.swift; path = AppDelegate.swift; sourceTree = "<group>"; };
		D5AFC1B0235460CB0038A7D8 /* SceneDelegate.swift */ = {isa = PBXFileReference; lastKnownFileType = sourcecode.swift; path = SceneDelegate.swift; sourceTree = "<group>"; };
		D5AFC1B2235460CB0038A7D8 /* ViewController.swift */ = {isa = PBXFileReference; lastKnownFileType = sourcecode.swift; path = ViewController.swift; sourceTree = "<group>"; };
		D5AFC1B5235460CB0038A7D8 /* Base */ = {isa = PBXFileReference; lastKnownFileType = file.storyboard; name = Base; path = Base.lproj/Main.storyboard; sourceTree = "<group>"; };
		D5AFC1B7235460CF0038A7D8 /* Assets.xcassets */ = {isa = PBXFileReference; lastKnownFileType = folder.assetcatalog; path = Assets.xcassets; sourceTree = "<group>"; };
		D5AFC1BA235460CF0038A7D8 /* Base */ = {isa = PBXFileReference; lastKnownFileType = file.storyboard; name = Base; path = Base.lproj/LaunchScreen.storyboard; sourceTree = "<group>"; };
		D5AFC1BC235460CF0038A7D8 /* Info.plist */ = {isa = PBXFileReference; lastKnownFileType = text.plist.xml; path = Info.plist; sourceTree = "<group>"; };
		D5AFC1C1235460CF0038A7D8 /* LandMarksTests.xctest */ = {isa = PBXFileReference; explicitFileType = wrapper.cfbundle; includeInIndex = 0; path = LandMarksTests.xctest; sourceTree = BUILT_PRODUCTS_DIR; };
		D5AFC1C5235460CF0038A7D8 /* LandMarksTests.swift */ = {isa = PBXFileReference; lastKnownFileType = sourcecode.swift; path = LandMarksTests.swift; sourceTree = "<group>"; };
		D5AFC1C7235460CF0038A7D8 /* Info.plist */ = {isa = PBXFileReference; lastKnownFileType = text.plist.xml; path = Info.plist; sourceTree = "<group>"; };
		D5AFC1CC235460CF0038A7D8 /* LandMarksUITests.xctest */ = {isa = PBXFileReference; explicitFileType = wrapper.cfbundle; includeInIndex = 0; path = LandMarksUITests.xctest; sourceTree = BUILT_PRODUCTS_DIR; };
		D5AFC1D0235460CF0038A7D8 /* LandMarksUITests.swift */ = {isa = PBXFileReference; lastKnownFileType = sourcecode.swift; path = LandMarksUITests.swift; sourceTree = "<group>"; };
		D5AFC1D2235460CF0038A7D8 /* Info.plist */ = {isa = PBXFileReference; lastKnownFileType = text.plist.xml; path = Info.plist; sourceTree = "<group>"; };
		D5AFC1E22354632A0038A7D8 /* MapView.swift */ = {isa = PBXFileReference; fileEncoding = 4; lastKnownFileType = sourcecode.swift; path = MapView.swift; sourceTree = "<group>"; };
		D5AFC1E5235463FB0038A7D8 /* assets.xcassets */ = {isa = PBXFileReference; lastKnownFileType = folder.assetcatalog; path = assets.xcassets; sourceTree = "<group>"; };
		D5B2B26A2361446B003F6DAB /* UserData.swift */ = {isa = PBXFileReference; fileEncoding = 4; lastKnownFileType = sourcecode.swift; path = UserData.swift; sourceTree = "<group>"; };
/* End PBXFileReference section */

/* Begin PBXFrameworksBuildPhase section */
		D5AFC1A8235460CB0038A7D8 /* Frameworks */ = {
			isa = PBXFrameworksBuildPhase;
			buildActionMask = 2147483647;
			files = (
			);
			runOnlyForDeploymentPostprocessing = 0;
		};
		D5AFC1BE235460CF0038A7D8 /* Frameworks */ = {
			isa = PBXFrameworksBuildPhase;
			buildActionMask = 2147483647;
			files = (
			);
			runOnlyForDeploymentPostprocessing = 0;
		};
		D5AFC1C9235460CF0038A7D8 /* Frameworks */ = {
			isa = PBXFrameworksBuildPhase;
			buildActionMask = 2147483647;
			files = (
			);
			runOnlyForDeploymentPostprocessing = 0;
		};
/* End PBXFrameworksBuildPhase section */

/* Begin PBXGroup section */
		D558C2772355C38C007BCFE9 /* Model */ = {
			isa = PBXGroup;
			children = (
				D5A45EA6236694FF008E91AC /* HexagonParameters.swift */,
				D58D7ED92356B545007D3E0E /* Data.swift */,
				D58D7EDA2356B545007D3E0E /* Landmark.swift */,
			);
			path = Model;
			sourceTree = "<group>";
		};
		D58D7EDD2356B5B8007D3E0E /* Resource */ = {
			isa = PBXGroup;
			children = (
				D56E74522359A95500D260C8 /* landmarkData.json */,
				D58D7EE72356B98E007D3E0E /* chilkoottrail.jpg */,
				D58D7EE42356B98D007D3E0E /* chincoteague.jpg */,
				D58D7EE82356B98E007D3E0E /* hiddenlake.jpg */,
				D58D7EEA2356B98E007D3E0E /* icybay.jpg */,
				D58D7EE32356B98D007D3E0E /* lakemcdonald.jpg */,
				D58D7EE62356B98E007D3E0E /* rainbowlake.jpg */,
				D58D7EEB2356B98E007D3E0E /* silversalmoncreek.jpg */,
				D58D7EEC2356B98E007D3E0E /* stmarylake.jpg */,
				D58D7EE92356B98E007D3E0E /* turtlerock.jpg */,
				D58D7EE52356B98D007D3E0E /* twinlake.jpg */,
				D58D7EED2356B98E007D3E0E /* umbagog.jpg */,
				D58D7EE22356B98D007D3E0E /* yukon_charleyrivers.jpg */,
			);
			path = Resource;
			sourceTree = "<group>";
		};
		D5AFC1A2235460CB0038A7D8 = {
			isa = PBXGroup;
			children = (
				D5AFC1AD235460CB0038A7D8 /* LandMarks */,
				D58D7EDD2356B5B8007D3E0E /* Resource */,
				D5AFC1E0235463190038A7D8 /* supportViews */,
				D5AFC1C4235460CF0038A7D8 /* LandMarksTests */,
				D5AFC1E5235463FB0038A7D8 /* assets.xcassets */,
				D5AFC1CF235460CF0038A7D8 /* LandMarksUITests */,
				D5AFC1AC235460CB0038A7D8 /* Products */,
			);
			sourceTree = "<group>";
		};
		D5AFC1AC235460CB0038A7D8 /* Products */ = {
			isa = PBXGroup;
			children = (
				D5AFC1AB235460CB0038A7D8 /* LandMarks.app */,
				D5AFC1C1235460CF0038A7D8 /* LandMarksTests.xctest */,
				D5AFC1CC235460CF0038A7D8 /* LandMarksUITests.xctest */,
			);
			name = Products;
			sourceTree = "<group>";
		};
		D5AFC1AD235460CB0038A7D8 /* LandMarks */ = {
			isa = PBXGroup;
			children = (
				D558C2772355C38C007BCFE9 /* Model */,
				D5A45EA423668CE3008E91AC /* Badge.swift */,
				D5A45EAA2366CEA9008E91AC /* BadgeSymbol.swift */,
				D5A45EA82366CE3D008E91AC /* BadgeBackground.swift */,
				D5A45EAC2366F513008E91AC /* RotatedBadgeSymbol.swift */,
				D5AFC1AE235460CB0038A7D8 /* AppDelegate.swift */,
				D5AFC1B0235460CB0038A7D8 /* SceneDelegate.swift */,
				D5AFC1B2235460CB0038A7D8 /* ViewController.swift */,
				D558C2732355C203007BCFE9 /* LandmarkDetail.swift */,
				D58D7EE02356B869007D3E0E /* LandmarkRow.swift */,
				D58D7EFA2356C35D007D3E0E /* LandmarkList.swift */,
				D5B2B26A2361446B003F6DAB /* UserData.swift */,
				D5AFC1B4235460CB0038A7D8 /* Main.storyboard */,
				D5AFC1B7235460CF0038A7D8 /* Assets.xcassets */,
				D5AFC1B9235460CF0038A7D8 /* LaunchScreen.storyboard */,
				D5AFC1BC235460CF0038A7D8 /* Info.plist */,
			);
			path = LandMarks;
			sourceTree = "<group>";
		};
		D5AFC1C4235460CF0038A7D8 /* LandMarksTests */ = {
			isa = PBXGroup;
			children = (
				D5AFC1C5235460CF0038A7D8 /* LandMarksTests.swift */,
				D5AFC1C7235460CF0038A7D8 /* Info.plist */,
			);
			path = LandMarksTests;
			sourceTree = "<group>";
		};
		D5AFC1CF235460CF0038A7D8 /* LandMarksUITests */ = {
			isa = PBXGroup;
			children = (
				D5AFC1D0235460CF0038A7D8 /* LandMarksUITests.swift */,
				D5AFC1D2235460CF0038A7D8 /* Info.plist */,
			);
			path = LandMarksUITests;
			sourceTree = "<group>";
		};
		D5AFC1E0235463190038A7D8 /* supportViews */ = {
			isa = PBXGroup;
			children = (
				D558C271235575AA007BCFE9 /* CircleImages.swift .swift */,
				D5AFC1E22354632A0038A7D8 /* MapView.swift */,
			);
			path = supportViews;
			sourceTree = "<group>";
		};
/* End PBXGroup section */

/* Begin PBXNativeTarget section */
		D5AFC1AA235460CB0038A7D8 /* LandMarks */ = {
			isa = PBXNativeTarget;
			buildConfigurationList = D5AFC1D5235460CF0038A7D8 /* Build configuration list for PBXNativeTarget "LandMarks" */;
			buildPhases = (
				D5AFC1A7235460CB0038A7D8 /* Sources */,
				D5AFC1A8235460CB0038A7D8 /* Frameworks */,
				D5AFC1A9235460CB0038A7D8 /* Resources */,
			);
			buildRules = (
			);
			dependencies = (
			);
			name = LandMarks;
			productName = LandMarks;
			productReference = D5AFC1AB235460CB0038A7D8 /* LandMarks.app */;
			productType = "com.apple.product-type.application";
		};
		D5AFC1C0235460CF0038A7D8 /* LandMarksTests */ = {
			isa = PBXNativeTarget;
			buildConfigurationList = D5AFC1D8235460CF0038A7D8 /* Build configuration list for PBXNativeTarget "LandMarksTests" */;
			buildPhases = (
				D5AFC1BD235460CF0038A7D8 /* Sources */,
				D5AFC1BE235460CF0038A7D8 /* Frameworks */,
				D5AFC1BF235460CF0038A7D8 /* Resources */,
			);
			buildRules = (
			);
			dependencies = (
				D5AFC1C3235460CF0038A7D8 /* PBXTargetDependency */,
			);
			name = LandMarksTests;
			productName = LandMarksTests;
			productReference = D5AFC1C1235460CF0038A7D8 /* LandMarksTests.xctest */;
			productType = "com.apple.product-type.bundle.unit-test";
		};
		D5AFC1CB235460CF0038A7D8 /* LandMarksUITests */ = {
			isa = PBXNativeTarget;
			buildConfigurationList = D5AFC1DB235460CF0038A7D8 /* Build configuration list for PBXNativeTarget "LandMarksUITests" */;
			buildPhases = (
				D5AFC1C8235460CF0038A7D8 /* Sources */,
				D5AFC1C9235460CF0038A7D8 /* Frameworks */,
				D5AFC1CA235460CF0038A7D8 /* Resources */,
			);
			buildRules = (
			);
			dependencies = (
				D5AFC1CE235460CF0038A7D8 /* PBXTargetDependency */,
			);
			name = LandMarksUITests;
			productName = LandMarksUITests;
			productReference = D5AFC1CC235460CF0038A7D8 /* LandMarksUITests.xctest */;
			productType = "com.apple.product-type.bundle.ui-testing";
		};
/* End PBXNativeTarget section */

/* Begin PBXProject section */
		D5AFC1A3235460CB0038A7D8 /* Project object */ = {
			isa = PBXProject;
			attributes = {
				LastSwiftUpdateCheck = 1110;
				LastUpgradeCheck = 1110;
				ORGANIZATIONNAME = new;
				TargetAttributes = {
					D5AFC1AA235460CB0038A7D8 = {
						CreatedOnToolsVersion = 11.1;
					};
					D5AFC1C0235460CF0038A7D8 = {
						CreatedOnToolsVersion = 11.1;
						TestTargetID = D5AFC1AA235460CB0038A7D8;
					};
					D5AFC1CB235460CF0038A7D8 = {
						CreatedOnToolsVersion = 11.1;
						TestTargetID = D5AFC1AA235460CB0038A7D8;
					};
				};
			};
			buildConfigurationList = D5AFC1A6235460CB0038A7D8 /* Build configuration list for PBXProject "LandMarks" */;
			compatibilityVersion = "Xcode 9.3";
			developmentRegion = en;
			hasScannedForEncodings = 0;
			knownRegions = (
				en,
				Base,
			);
			mainGroup = D5AFC1A2235460CB0038A7D8;
			productRefGroup = D5AFC1AC235460CB0038A7D8 /* Products */;
			projectDirPath = "";
			projectRoot = "";
			targets = (
				D5AFC1AA235460CB0038A7D8 /* LandMarks */,
				D5AFC1C0235460CF0038A7D8 /* LandMarksTests */,
				D5AFC1CB235460CF0038A7D8 /* LandMarksUITests */,
			);
		};
/* End PBXProject section */

/* Begin PBXResourcesBuildPhase section */
		D5AFC1A9235460CB0038A7D8 /* Resources */ = {
			isa = PBXResourcesBuildPhase;
			buildActionMask = 2147483647;
			files = (
				D58D7EF72356B98E007D3E0E /* silversalmoncreek.jpg in Resources */,
				D58D7EF52356B98E007D3E0E /* turtlerock.jpg in Resources */,
				D58D7EEF2356B98E007D3E0E /* lakemcdonald.jpg in Resources */,
				D58D7EF22356B98E007D3E0E /* rainbowlake.jpg in Resources */,
				D5AFC1BB235460CF0038A7D8 /* LaunchScreen.storyboard in Resources */,
				D5AFC1B8235460CF0038A7D8 /* Assets.xcassets in Resources */,
				D5AFC1E6235463FB0038A7D8 /* assets.xcassets in Resources */,
				D58D7EF32356B98E007D3E0E /* chilkoottrail.jpg in Resources */,
				D58D7EF92356B98E007D3E0E /* umbagog.jpg in Resources */,
				D58D7EEE2356B98E007D3E0E /* yukon_charleyrivers.jpg in Resources */,
				D58D7EF82356B98E007D3E0E /* stmarylake.jpg in Resources */,
				D58D7EF12356B98E007D3E0E /* twinlake.jpg in Resources */,
				D58D7EF02356B98E007D3E0E /* chincoteague.jpg in Resources */,
				D58D7EF42356B98E007D3E0E /* hiddenlake.jpg in Resources */,
				D58D7EF62356B98E007D3E0E /* icybay.jpg in Resources */,
				D5AFC1B6235460CB0038A7D8 /* Main.storyboard in Resources */,
				D56E74532359A95600D260C8 /* landmarkData.json in Resources */,
			);
			runOnlyForDeploymentPostprocessing = 0;
		};
		D5AFC1BF235460CF0038A7D8 /* Resources */ = {
			isa = PBXResourcesBuildPhase;
			buildActionMask = 2147483647;
			files = (
			);
			runOnlyForDeploymentPostprocessing = 0;
		};
		D5AFC1CA235460CF0038A7D8 /* Resources */ = {
			isa = PBXResourcesBuildPhase;
			buildActionMask = 2147483647;
			files = (
			);
			runOnlyForDeploymentPostprocessing = 0;
		};
/* End PBXResourcesBuildPhase section */

/* Begin PBXSourcesBuildPhase section */
		D5AFC1A7235460CB0038A7D8 /* Sources */ = {
			isa = PBXSourcesBuildPhase;
			buildActionMask = 2147483647;
			files = (
				D58D7EDC2356B545007D3E0E /* Landmark.swift in Sources */,
				D5A45EA523668CE3008E91AC /* Badge.swift in Sources */,
				D58D7EDB2356B545007D3E0E /* Data.swift in Sources */,
				D5AFC1B3235460CB0038A7D8 /* ViewController.swift in Sources */,
				D5AFC1E42354632B0038A7D8 /* MapView.swift in Sources */,
				D5AFC1AF235460CB0038A7D8 /* AppDelegate.swift in Sources */,
				D5B2B26B2361446B003F6DAB /* UserData.swift in Sources */,
				D558C2742355C203007BCFE9 /* LandmarkDetail.swift in Sources */,
				D5A45EAB2366CEA9008E91AC /* BadgeSymbol.swift in Sources */,
				D58D7EFB2356C35D007D3E0E /* LandmarkList.swift in Sources */,
				D5A45EA92366CE3D008E91AC /* BadgeBackground.swift in Sources */,
				D5A45EA7236694FF008E91AC /* HexagonParameters.swift in Sources */,
				D5AFC1B1235460CB0038A7D8 /* SceneDelegate.swift in Sources */,
				D58D7EE12356B869007D3E0E /* LandmarkRow.swift in Sources */,
				D558C272235575AA007BCFE9 /* CircleImages.swift .swift in Sources */,
				D5A45EAD2366F513008E91AC /* RotatedBadgeSymbol.swift in Sources */,
			);
			runOnlyForDeploymentPostprocessing = 0;
		};
		D5AFC1BD235460CF0038A7D8 /* Sources */ = {
			isa = PBXSourcesBuildPhase;
			buildActionMask = 2147483647;
			files = (
				D5AFC1C6235460CF0038A7D8 /* LandMarksTests.swift in Sources */,
			);
			runOnlyForDeploymentPostprocessing = 0;
		};
		D5AFC1C8235460CF0038A7D8 /* Sources */ = {
			isa = PBXSourcesBuildPhase;
			buildActionMask = 2147483647;
			files = (
				D5AFC1D1235460CF0038A7D8 /* LandMarksUITests.swift in Sources */,
			);
			runOnlyForDeploymentPostprocessing = 0;
		};
/* End PBXSourcesBuildPhase section */

/* Begin PBXTargetDependency section */
		D5AFC1C3235460CF0038A7D8 /* PBXTargetDependency */ = {
			isa = PBXTargetDependency;
			target = D5AFC1AA235460CB0038A7D8 /* LandMarks */;
			targetProxy = D5AFC1C2235460CF0038A7D8 /* PBXContainerItemProxy */;
		};
		D5AFC1CE235460CF0038A7D8 /* PBXTargetDependency */ = {
			isa = PBXTargetDependency;
			target = D5AFC1AA235460CB0038A7D8 /* LandMarks */;
			targetProxy = D5AFC1CD235460CF0038A7D8 /* PBXContainerItemProxy */;
		};
/* End PBXTargetDependency section */

/* Begin PBXVariantGroup section */
		D5AFC1B4235460CB0038A7D8 /* Main.storyboard */ = {
			isa = PBXVariantGroup;
			children = (
				D5AFC1B5235460CB0038A7D8 /* Base */,
			);
			name = Main.storyboard;
			sourceTree = "<group>";
		};
		D5AFC1B9235460CF0038A7D8 /* LaunchScreen.storyboard */ = {
			isa = PBXVariantGroup;
			children = (
				D5AFC1BA235460CF0038A7D8 /* Base */,
			);
			name = LaunchScreen.storyboard;
			sourceTree = "<group>";
		};
/* End PBXVariantGroup section */

/* Begin XCBuildConfiguration section */
		D5AFC1D3235460CF0038A7D8 /* Debug */ = {
			isa = XCBuildConfiguration;
			buildSettings = {
				ALWAYS_SEARCH_USER_PATHS = NO;
				CLANG_ANALYZER_NONNULL = YES;
				CLANG_ANALYZER_NUMBER_OBJECT_CONVERSION = YES_AGGRESSIVE;
				CLANG_CXX_LANGUAGE_STANDARD = "gnu++14";
				CLANG_CXX_LIBRARY = "libc++";
				CLANG_ENABLE_MODULES = YES;
				CLANG_ENABLE_OBJC_ARC = YES;
				CLANG_ENABLE_OBJC_WEAK = YES;
				CLANG_WARN_BLOCK_CAPTURE_AUTORELEASING = YES;
				CLANG_WARN_BOOL_CONVERSION = YES;
				CLANG_WARN_COMMA = YES;
				CLANG_WARN_CONSTANT_CONVERSION = YES;
				CLANG_WARN_DEPRECATED_OBJC_IMPLEMENTATIONS = YES;
				CLANG_WARN_DIRECT_OBJC_ISA_USAGE = YES_ERROR;
				CLANG_WARN_DOCUMENTATION_COMMENTS = YES;
				CLANG_WARN_EMPTY_BODY = YES;
				CLANG_WARN_ENUM_CONVERSION = YES;
				CLANG_WARN_INFINITE_RECURSION = YES;
				CLANG_WARN_INT_CONVERSION = YES;
				CLANG_WARN_NON_LITERAL_NULL_CONVERSION = YES;
				CLANG_WARN_OBJC_IMPLICIT_RETAIN_SELF = YES;
				CLANG_WARN_OBJC_LITERAL_CONVERSION = YES;
				CLANG_WARN_OBJC_ROOT_CLASS = YES_ERROR;
				CLANG_WARN_RANGE_LOOP_ANALYSIS = YES;
				CLANG_WARN_STRICT_PROTOTYPES = YES;
				CLANG_WARN_SUSPICIOUS_MOVE = YES;
				CLANG_WARN_UNGUARDED_AVAILABILITY = YES_AGGRESSIVE;
				CLANG_WARN_UNREACHABLE_CODE = YES;
				CLANG_WARN__DUPLICATE_METHOD_MATCH = YES;
				COPY_PHASE_STRIP = NO;
				DEBUG_INFORMATION_FORMAT = dwarf;
				ENABLE_STRICT_OBJC_MSGSEND = YES;
				ENABLE_TESTABILITY = YES;
				GCC_C_LANGUAGE_STANDARD = gnu11;
				GCC_DYNAMIC_NO_PIC = NO;
				GCC_NO_COMMON_BLOCKS = YES;
				GCC_OPTIMIZATION_LEVEL = 0;
				GCC_PREPROCESSOR_DEFINITIONS = (
					"DEBUG=1",
					"$(inherited)",
				);
				GCC_WARN_64_TO_32_BIT_CONVERSION = YES;
				GCC_WARN_ABOUT_RETURN_TYPE = YES_ERROR;
				GCC_WARN_UNDECLARED_SELECTOR = YES;
				GCC_WARN_UNINITIALIZED_AUTOS = YES_AGGRESSIVE;
				GCC_WARN_UNUSED_FUNCTION = YES;
				GCC_WARN_UNUSED_VARIABLE = YES;
				IPHONEOS_DEPLOYMENT_TARGET = 13.1;
				MTL_ENABLE_DEBUG_INFO = INCLUDE_SOURCE;
				MTL_FAST_MATH = YES;
				ONLY_ACTIVE_ARCH = YES;
				SDKROOT = iphoneos;
				SWIFT_ACTIVE_COMPILATION_CONDITIONS = DEBUG;
				SWIFT_OPTIMIZATION_LEVEL = "-Onone";
			};
			name = Debug;
		};
		D5AFC1D4235460CF0038A7D8 /* Release */ = {
			isa = XCBuildConfiguration;
			buildSettings = {
				ALWAYS_SEARCH_USER_PATHS = NO;
				CLANG_ANALYZER_NONNULL = YES;
				CLANG_ANALYZER_NUMBER_OBJECT_CONVERSION = YES_AGGRESSIVE;
				CLANG_CXX_LANGUAGE_STANDARD = "gnu++14";
				CLANG_CXX_LIBRARY = "libc++";
				CLANG_ENABLE_MODULES = YES;
				CLANG_ENABLE_OBJC_ARC = YES;
				CLANG_ENABLE_OBJC_WEAK = YES;
				CLANG_WARN_BLOCK_CAPTURE_AUTORELEASING = YES;
				CLANG_WARN_BOOL_CONVERSION = YES;
				CLANG_WARN_COMMA = YES;
				CLANG_WARN_CONSTANT_CONVERSION = YES;
				CLANG_WARN_DEPRECATED_OBJC_IMPLEMENTATIONS = YES;
				CLANG_WARN_DIRECT_OBJC_ISA_USAGE = YES_ERROR;
				CLANG_WARN_DOCUMENTATION_COMMENTS = YES;
				CLANG_WARN_EMPTY_BODY = YES;
				CLANG_WARN_ENUM_CONVERSION = YES;
				CLANG_WARN_INFINITE_RECURSION = YES;
				CLANG_WARN_INT_CONVERSION = YES;
				CLANG_WARN_NON_LITERAL_NULL_CONVERSION = YES;
				CLANG_WARN_OBJC_IMPLICIT_RETAIN_SELF = YES;
				CLANG_WARN_OBJC_LITERAL_CONVERSION = YES;
				CLANG_WARN_OBJC_ROOT_CLASS = YES_ERROR;
				CLANG_WARN_RANGE_LOOP_ANALYSIS = YES;
				CLANG_WARN_STRICT_PROTOTYPES = YES;
				CLANG_WARN_SUSPICIOUS_MOVE = YES;
				CLANG_WARN_UNGUARDED_AVAILABILITY = YES_AGGRESSIVE;
				CLANG_WARN_UNREACHABLE_CODE = YES;
				CLANG_WARN__DUPLICATE_METHOD_MATCH = YES;
				COPY_PHASE_STRIP = NO;
				DEBUG_INFORMATION_FORMAT = "dwarf-with-dsym";
				ENABLE_NS_ASSERTIONS = NO;
				ENABLE_STRICT_OBJC_MSGSEND = YES;
				GCC_C_LANGUAGE_STANDARD = gnu11;
				GCC_NO_COMMON_BLOCKS = YES;
				GCC_WARN_64_TO_32_BIT_CONVERSION = YES;
				GCC_WARN_ABOUT_RETURN_TYPE = YES_ERROR;
				GCC_WARN_UNDECLARED_SELECTOR = YES;
				GCC_WARN_UNINITIALIZED_AUTOS = YES_AGGRESSIVE;
				GCC_WARN_UNUSED_FUNCTION = YES;
				GCC_WARN_UNUSED_VARIABLE = YES;
				IPHONEOS_DEPLOYMENT_TARGET = 13.1;
				MTL_ENABLE_DEBUG_INFO = NO;
				MTL_FAST_MATH = YES;
				SDKROOT = iphoneos;
				SWIFT_COMPILATION_MODE = wholemodule;
				SWIFT_OPTIMIZATION_LEVEL = "-O";
				VALIDATE_PRODUCT = YES;
			};
			name = Release;
		};
		D5AFC1D6235460CF0038A7D8 /* Debug */ = {
			isa = XCBuildConfiguration;
			buildSettings = {
				ASSETCATALOG_COMPILER_APPICON_NAME = AppIcon;
				CODE_SIGN_STYLE = Automatic;
				INFOPLIST_FILE = LandMarks/Info.plist;
				LD_RUNPATH_SEARCH_PATHS = (
					"$(inherited)",
					"@executable_path/Frameworks",
				);
				PRODUCT_BUNDLE_IDENTIFIER = new.LandMarks;
				PRODUCT_NAME = "$(TARGET_NAME)";
				SWIFT_VERSION = 5.0;
				TARGETED_DEVICE_FAMILY = "1,2";
			};
			name = Debug;
		};
		D5AFC1D7235460CF0038A7D8 /* Release */ = {
			isa = XCBuildConfiguration;
			buildSettings = {
				ASSETCATALOG_COMPILER_APPICON_NAME = AppIcon;
				CODE_SIGN_STYLE = Automatic;
				INFOPLIST_FILE = LandMarks/Info.plist;
				LD_RUNPATH_SEARCH_PATHS = (
					"$(inherited)",
					"@executable_path/Frameworks",
				);
				PRODUCT_BUNDLE_IDENTIFIER = new.LandMarks;
				PRODUCT_NAME = "$(TARGET_NAME)";
				SWIFT_VERSION = 5.0;
				TARGETED_DEVICE_FAMILY = "1,2";
			};
			name = Release;
		};
		D5AFC1D9235460CF0038A7D8 /* Debug */ = {
			isa = XCBuildConfiguration;
			buildSettings = {
				ALWAYS_EMBED_SWIFT_STANDARD_LIBRARIES = YES;
				BUNDLE_LOADER = "$(TEST_HOST)";
				CODE_SIGN_STYLE = Automatic;
				INFOPLIST_FILE = LandMarksTests/Info.plist;
				IPHONEOS_DEPLOYMENT_TARGET = 13.1;
				LD_RUNPATH_SEARCH_PATHS = (
					"$(inherited)",
					"@executable_path/Frameworks",
					"@loader_path/Frameworks",
				);
				PRODUCT_BUNDLE_IDENTIFIER = new.LandMarksTests;
				PRODUCT_NAME = "$(TARGET_NAME)";
				SWIFT_VERSION = 5.0;
				TARGETED_DEVICE_FAMILY = "1,2";
				TEST_HOST = "$(BUILT_PRODUCTS_DIR)/LandMarks.app/LandMarks";
			};
			name = Debug;
		};
		D5AFC1DA235460CF0038A7D8 /* Release */ = {
			isa = XCBuildConfiguration;
			buildSettings = {
				ALWAYS_EMBED_SWIFT_STANDARD_LIBRARIES = YES;
				BUNDLE_LOADER = "$(TEST_HOST)";
				CODE_SIGN_STYLE = Automatic;
				INFOPLIST_FILE = LandMarksTests/Info.plist;
				IPHONEOS_DEPLOYMENT_TARGET = 13.1;
				LD_RUNPATH_SEARCH_PATHS = (
					"$(inherited)",
					"@executable_path/Frameworks",
					"@loader_path/Frameworks",
				);
				PRODUCT_BUNDLE_IDENTIFIER = new.LandMarksTests;
				PRODUCT_NAME = "$(TARGET_NAME)";
				SWIFT_VERSION = 5.0;
				TARGETED_DEVICE_FAMILY = "1,2";
				TEST_HOST = "$(BUILT_PRODUCTS_DIR)/LandMarks.app/LandMarks";
			};
			name = Release;
		};
		D5AFC1DC235460CF0038A7D8 /* Debug */ = {
			isa = XCBuildConfiguration;
			buildSettings = {
				ALWAYS_EMBED_SWIFT_STANDARD_LIBRARIES = YES;
				CODE_SIGN_STYLE = Automatic;
				INFOPLIST_FILE = LandMarksUITests/Info.plist;
				LD_RUNPATH_SEARCH_PATHS = (
					"$(inherited)",
					"@executable_path/Frameworks",
					"@loader_path/Frameworks",
				);
				PRODUCT_BUNDLE_IDENTIFIER = new.LandMarksUITests;
				PRODUCT_NAME = "$(TARGET_NAME)";
				SWIFT_VERSION = 5.0;
				TARGETED_DEVICE_FAMILY = "1,2";
				TEST_TARGET_NAME = LandMarks;
			};
			name = Debug;
		};
		D5AFC1DD235460CF0038A7D8 /* Release */ = {
			isa = XCBuildConfiguration;
			buildSettings = {
				ALWAYS_EMBED_SWIFT_STANDARD_LIBRARIES = YES;
				CODE_SIGN_STYLE = Automatic;
				INFOPLIST_FILE = LandMarksUITests/Info.plist;
				LD_RUNPATH_SEARCH_PATHS = (
					"$(inherited)",
					"@executable_path/Frameworks",
					"@loader_path/Frameworks",
				);
				PRODUCT_BUNDLE_IDENTIFIER = new.LandMarksUITests;
				PRODUCT_NAME = "$(TARGET_NAME)";
				SWIFT_VERSION = 5.0;
				TARGETED_DEVICE_FAMILY = "1,2";
				TEST_TARGET_NAME = LandMarks;
			};
			name = Release;
		};
/* End XCBuildConfiguration section */

/* Begin XCConfigurationList section */
		D5AFC1A6235460CB0038A7D8 /* Build configuration list for PBXProject "LandMarks" */ = {
			isa = XCConfigurationList;
			buildConfigurations = (
				D5AFC1D3235460CF0038A7D8 /* Debug */,
				D5AFC1D4235460CF0038A7D8 /* Release */,
			);
			defaultConfigurationIsVisible = 0;
			defaultConfigurationName = Release;
		};
		D5AFC1D5235460CF0038A7D8 /* Build configuration list for PBXNativeTarget "LandMarks" */ = {
			isa = XCConfigurationList;
			buildConfigurations = (
				D5AFC1D6235460CF0038A7D8 /* Debug */,
				D5AFC1D7235460CF0038A7D8 /* Release */,
			);
			defaultConfigurationIsVisible = 0;
			defaultConfigurationName = Release;
		};
		D5AFC1D8235460CF0038A7D8 /* Build configuration list for PBXNativeTarget "LandMarksTests" */ = {
			isa = XCConfigurationList;
			buildConfigurations = (
				D5AFC1D9235460CF0038A7D8 /* Debug */,
				D5AFC1DA235460CF0038A7D8 /* Release */,
			);
			defaultConfigurationIsVisible = 0;
			defaultConfigurationName = Release;
		};
		D5AFC1DB235460CF0038A7D8 /* Build configuration list for PBXNativeTarget "LandMarksUITests" */ = {
			isa = XCConfigurationList;
			buildConfigurations = (
				D5AFC1DC235460CF0038A7D8 /* Debug */,
				D5AFC1DD235460CF0038A7D8 /* Release */,
			);
			defaultConfigurationIsVisible = 0;
			defaultConfigurationName = Release;
		};
/* End XCConfigurationList section */
	};
	rootObject = D5AFC1A3235460CB0038A7D8 /* Project object */;
}
